
Microsoft Visual Studio Solution File, Format Version 12.00
# Visual Studio Version 16
VisualStudioVersion = 16.0.30907.101
MinimumVisualStudioVersion = 10.0.40219.1
Project("{9A19103F-16F7-4668-BE54-9A1E7A4F7556}") = "KKTraders", "KKTraders.csproj", "{5A415629-C389-423E-B926-3FEC0908DEC9}"
EndProject
Project("{9A19103F-16F7-4668-BE54-9A1E7A4F7556}") = "StaticDetails", "..\StaticDetails\StaticDetails.csproj", "{C638FED2-0D87-42BA-9078-EB401B3E66EA}"
EndProject
Global
	GlobalSection(SolutionConfigurationPlatforms) = preSolution
		Debug|Any CPU = Debug|Any CPU
		Release|Any CPU = Release|Any CPU
	EndGlobalSection
	GlobalSection(ProjectConfigurationPlatforms) = postSolution
		{5A415629-C389-423E-B926-3FEC0908DEC9}.Debug|Any CPU.ActiveCfg = Debug|Any CPU
		{5A415629-C389-423E-B926-3FEC0908DEC9}.Debug|Any CPU.Build.0 = Debug|Any CPU
		{5A415629-C389-423E-B926-3FEC0908DEC9}.Release|Any CPU.ActiveCfg = Release|Any CPU
		{5A415629-C389-423E-B926-3FEC0908DEC9}.Release|Any CPU.Build.0 = Release|Any CPU
		{C638FED2-0D87-42BA-9078-EB401B3E66EA}.Debug|Any CPU.ActiveCfg = Debug|Any CPU
		{C638FED2-0D87-42BA-9078-EB401B3E66EA}.Debug|Any CPU.Build.0 = Debug|Any CPU
		{C638FED2-0D87-42BA-9078-EB401B3E66EA}.Release|Any CPU.ActiveCfg = Release|Any CPU
		{C638FED2-0D87-42BA-9078-EB401B3E66EA}.Release|Any CPU.Build.0 = Release|Any CPU
	EndGlobalSection
	GlobalSection(SolutionProperties) = preSolution
		HideSolutionNode = FALSE
	EndGlobalSection
	GlobalSection(ExtensibilityGlobals) = postSolution
		SolutionGuid = {1A570BC3-7232-47E1-9915-246750F8CBFF}
	EndGlobalSection
EndGlobal
